
Microsoft Visual Studio Solution File, Format Version 12.00
# Visual Studio Version 17
VisualStudioVersion = 17.11.35312.102
MinimumVisualStudioVersion = 10.0.40219.1
Project("{9A19103F-16F7-4668-BE54-9A1E7A4F7556}") = "katalog", "katalog\katalog.csproj", "{68A6D260-12AA-4C65-B117-50CECAE16321}"
EndProject
Global
	GlobalSection(SolutionConfigurationPlatforms) = preSolution
		Debug|Any CPU = Debug|Any CPU
		Release|Any CPU = Release|Any CPU
	EndGlobalSection
	GlobalSection(ProjectConfigurationPlatforms) = postSolution
		{68A6D260-12AA-4C65-B117-50CECAE16321}.Debug|Any CPU.ActiveCfg = Debug|Any CPU
		{68A6D260-12AA-4C65-B117-50CECAE16321}.Debug|Any CPU.Build.0 = Debug|Any CPU
		{68A6D260-12AA-4C65-B117-50CECAE16321}.Release|Any CPU.ActiveCfg = Release|Any CPU
		{68A6D260-12AA-4C65-B117-50CECAE16321}.Release|Any CPU.Build.0 = Release|Any CPU
	EndGlobalSection
	GlobalSection(SolutionProperties) = preSolution
		HideSolutionNode = FALSE
	EndGlobalSection
	GlobalSection(ExtensibilityGlobals) = postSolution
		SolutionGuid = {FB476527-7C43-40CA-A417-FBB34A9B08AE}
	EndGlobalSection
EndGlobal
